// !$*UTF8*$!
{
	archiveVersion = 1;
	classes = {
	};
	objectVersion = 50;
	objects = {

/* Begin PBXBuildFile section */
		229B029D22FCAF0600BFDF9F /* FilterKernels.metal in Sources */ = {isa = PBXBuildFile; fileRef = 229B029C22FCAF0600BFDF9F /* FilterKernels.metal */; };
		229B029F22FCB2E600BFDF9F /* PassthroughFilter.swift in Sources */ = {isa = PBXBuildFile; fileRef = 229B029E22FCB2E600BFDF9F /* PassthroughFilter.swift */; };
		229B02A122FCB72E00BFDF9F /* RgbToYcbcrFilter.swift in Sources */ = {isa = PBXBuildFile; fileRef = 229B02A022FCB72E00BFDF9F /* RgbToYcbcrFilter.swift */; };
		229B02A322FCB73E00BFDF9F /* YcbcrToRgbFilter.swift in Sources */ = {isa = PBXBuildFile; fileRef = 229B02A222FCB73E00BFDF9F /* YcbcrToRgbFilter.swift */; };
		229B02A522FCBBF900BFDF9F /* BilateralFilter.swift in Sources */ = {isa = PBXBuildFile; fileRef = 229B02A422FCBBF900BFDF9F /* BilateralFilter.swift */; };
		22DB58FA22F5A8140019B309 /* AppDelegate.swift in Sources */ = {isa = PBXBuildFile; fileRef = 22DB58F922F5A8140019B309 /* AppDelegate.swift */; };
		22DB58FC22F5A8140019B309 /* SceneDelegate.swift in Sources */ = {isa = PBXBuildFile; fileRef = 22DB58FB22F5A8140019B309 /* SceneDelegate.swift */; };
		22DB58FE22F5A8140019B309 /* ContentView.swift in Sources */ = {isa = PBXBuildFile; fileRef = 22DB58FD22F5A8140019B309 /* ContentView.swift */; };
		22DB590022F5A8160019B309 /* Assets.xcassets in Resources */ = {isa = PBXBuildFile; fileRef = 22DB58FF22F5A8160019B309 /* Assets.xcassets */; };
		22DB590322F5A8160019B309 /* Preview Assets.xcassets in Resources */ = {isa = PBXBuildFile; fileRef = 22DB590222F5A8160019B309 /* Preview Assets.xcassets */; };
		22DB590622F5A8160019B309 /* LaunchScreen.storyboard in Resources */ = {isa = PBXBuildFile; fileRef = 22DB590422F5A8160019B309 /* LaunchScreen.storyboard */; };
		22EBE01D22F5C532006ECB23 /* ImageProcessor.swift in Sources */ = {isa = PBXBuildFile; fileRef = 22EBE01C22F5C532006ECB23 /* ImageProcessor.swift */; };
/* End PBXBuildFile section */

/* Begin PBXFileReference section */
		229B029C22FCAF0600BFDF9F /* FilterKernels.metal */ = {isa = PBXFileReference; lastKnownFileType = sourcecode.metal; path = FilterKernels.metal; sourceTree = "<group>"; };
		229B029E22FCB2E600BFDF9F /* PassthroughFilter.swift */ = {isa = PBXFileReference; lastKnownFileType = sourcecode.swift; path = PassthroughFilter.swift; sourceTree = "<group>"; };
		229B02A022FCB72E00BFDF9F /* RgbToYcbcrFilter.swift */ = {isa = PBXFileReference; lastKnownFileType = sourcecode.swift; path = RgbToYcbcrFilter.swift; sourceTree = "<group>"; };
		229B02A222FCB73E00BFDF9F /* YcbcrToRgbFilter.swift */ = {isa = PBXFileReference; lastKnownFileType = sourcecode.swift; path = YcbcrToRgbFilter.swift; sourceTree = "<group>"; };
		229B02A422FCBBF900BFDF9F /* BilateralFilter.swift */ = {isa = PBXFileReference; lastKnownFileType = sourcecode.swift; path = BilateralFilter.swift; sourceTree = "<group>"; };
		22DB58F622F5A8140019B309 /* MetalFilters.app */ = {isa = PBXFileReference; explicitFileType = wrapper.application; includeInIndex = 0; path = MetalFilters.app; sourceTree = BUILT_PRODUCTS_DIR; };
		22DB58F922F5A8140019B309 /* AppDelegate.swift */ = {isa = PBXFileReference; lastKnownFileType = sourcecode.swift; path = AppDelegate.swift; sourceTree = "<group>"; };
		22DB58FB22F5A8140019B309 /* SceneDelegate.swift */ = {isa = PBXFileReference; lastKnownFileType = sourcecode.swift; path = SceneDelegate.swift; sourceTree = "<group>"; };
		22DB58FD22F5A8140019B309 /* ContentView.swift */ = {isa = PBXFileReference; lastKnownFileType = sourcecode.swift; path = ContentView.swift; sourceTree = "<group>"; };
		22DB58FF22F5A8160019B309 /* Assets.xcassets */ = {isa = PBXFileReference; lastKnownFileType = folder.assetcatalog; path = Assets.xcassets; sourceTree = "<group>"; };
		22DB590222F5A8160019B309 /* Preview Assets.xcassets */ = {isa = PBXFileReference; lastKnownFileType = folder.assetcatalog; path = "Preview Assets.xcassets"; sourceTree = "<group>"; };
		22DB590522F5A8160019B309 /* Base */ = {isa = PBXFileReference; lastKnownFileType = file.storyboard; name = Base; path = Base.lproj/LaunchScreen.storyboard; sourceTree = "<group>"; };
		22DB590722F5A8160019B309 /* Info.plist */ = {isa = PBXFileReference; lastKnownFileType = text.plist.xml; path = Info.plist; sourceTree = "<group>"; };
		22EBE01C22F5C532006ECB23 /* ImageProcessor.swift */ = {isa = PBXFileReference; lastKnownFileType = sourcecode.swift; path = ImageProcessor.swift; sourceTree = "<group>"; };
/* End PBXFileReference section */

/* Begin PBXFrameworksBuildPhase section */
		22DB58F322F5A8140019B309 /* Frameworks */ = {
			isa = PBXFrameworksBuildPhase;
			buildActionMask = 2147483647;
			files = (
			);
			runOnlyForDeploymentPostprocessing = 0;
		};
/* End PBXFrameworksBuildPhase section */

/* Begin PBXGroup section */
		22DB58ED22F5A8140019B309 = {
			isa = PBXGroup;
			children = (
				22DB58F822F5A8140019B309 /* MetalFilters */,
				22DB58F722F5A8140019B309 /* Products */,
			);
			sourceTree = "<group>";
		};
		22DB58F722F5A8140019B309 /* Products */ = {
			isa = PBXGroup;
			children = (
				22DB58F622F5A8140019B309 /* MetalFilters.app */,
			);
			name = Products;
			sourceTree = "<group>";
		};
		22DB58F822F5A8140019B309 /* MetalFilters */ = {
			isa = PBXGroup;
			children = (
				22DB590E22F5A8770019B309 /* Filters */,
				22DB590D22F5A86E0019B309 /* Guff */,
				22DB590F22F5A9050019B309 /* Views */,
				22DB590122F5A8160019B309 /* Preview Content */,
			);
			path = MetalFilters;
			sourceTree = "<group>";
		};
		22DB590122F5A8160019B309 /* Preview Content */ = {
			isa = PBXGroup;
			children = (
				22DB590222F5A8160019B309 /* Preview Assets.xcassets */,
			);
			path = "Preview Content";
			sourceTree = "<group>";
		};
		22DB590D22F5A86E0019B309 /* Guff */ = {
			isa = PBXGroup;
			children = (
				22DB590422F5A8160019B309 /* LaunchScreen.storyboard */,
				22DB590722F5A8160019B309 /* Info.plist */,
				22DB58F922F5A8140019B309 /* AppDelegate.swift */,
				22DB58FB22F5A8140019B309 /* SceneDelegate.swift */,
				22DB58FF22F5A8160019B309 /* Assets.xcassets */,
			);
			path = Guff;
			sourceTree = "<group>";
		};
		22DB590E22F5A8770019B309 /* Filters */ = {
			isa = PBXGroup;
			children = (
				22EBE01C22F5C532006ECB23 /* ImageProcessor.swift */,
				229B029C22FCAF0600BFDF9F /* FilterKernels.metal */,
				229B029E22FCB2E600BFDF9F /* PassthroughFilter.swift */,
				229B02A022FCB72E00BFDF9F /* RgbToYcbcrFilter.swift */,
				229B02A222FCB73E00BFDF9F /* YcbcrToRgbFilter.swift */,
				229B02A422FCBBF900BFDF9F /* BilateralFilter.swift */,
			);
			path = Filters;
			sourceTree = "<group>";
		};
		22DB590F22F5A9050019B309 /* Views */ = {
			isa = PBXGroup;
			children = (
				22DB58FD22F5A8140019B309 /* ContentView.swift */,
			);
			path = Views;
			sourceTree = "<group>";
		};
/* End PBXGroup section */

/* Begin PBXNativeTarget section */
		22DB58F522F5A8140019B309 /* MetalFilters */ = {
			isa = PBXNativeTarget;
			buildConfigurationList = 22DB590A22F5A8160019B309 /* Build configuration list for PBXNativeTarget "MetalFilters" */;
			buildPhases = (
				22DB58F222F5A8140019B309 /* Sources */,
				22DB58F322F5A8140019B309 /* Frameworks */,
				22DB58F422F5A8140019B309 /* Resources */,
			);
			buildRules = (
			);
			dependencies = (
			);
			name = MetalFilters;
			productName = MetalFilters;
			productReference = 22DB58F622F5A8140019B309 /* MetalFilters.app */;
			productType = "com.apple.product-type.application";
		};
/* End PBXNativeTarget section */

/* Begin PBXProject section */
		22DB58EE22F5A8140019B309 /* Project object */ = {
			isa = PBXProject;
			attributes = {
				LastSwiftUpdateCheck = 1100;
				LastUpgradeCheck = 1100;
				ORGANIZATIONNAME = "Razeware LLC";
				TargetAttributes = {
					22DB58F522F5A8140019B309 = {
						CreatedOnToolsVersion = 11.0;
					};
				};
			};
			buildConfigurationList = 22DB58F122F5A8140019B309 /* Build configuration list for PBXProject "MetalFilters" */;
			compatibilityVersion = "Xcode 9.3";
			developmentRegion = en;
			hasScannedForEncodings = 0;
			knownRegions = (
				en,
				Base,
			);
			mainGroup = 22DB58ED22F5A8140019B309;
			productRefGroup = 22DB58F722F5A8140019B309 /* Products */;
			projectDirPath = "";
			projectRoot = "";
			targets = (
				22DB58F522F5A8140019B309 /* MetalFilters */,
			);
		};
/* End PBXProject section */

/* Begin PBXResourcesBuildPhase section */
		22DB58F422F5A8140019B309 /* Resources */ = {
			isa = PBXResourcesBuildPhase;
			buildActionMask = 2147483647;
			files = (
				22DB590622F5A8160019B309 /* LaunchScreen.storyboard in Resources */,
				22DB590322F5A8160019B309 /* Preview Assets.xcassets in Resources */,
				22DB590022F5A8160019B309 /* Assets.xcassets in Resources */,
			);
			runOnlyForDeploymentPostprocessing = 0;
		};
/* End PBXResourcesBuildPhase section */

/* Begin PBXSourcesBuildPhase section */
		22DB58F222F5A8140019B309 /* Sources */ = {
			isa = PBXSourcesBuildPhase;
			buildActionMask = 2147483647;
			files = (
				229B02A322FCB73E00BFDF9F /* YcbcrToRgbFilter.swift in Sources */,
				229B029D22FCAF0600BFDF9F /* FilterKernels.metal in Sources */,
				22DB58FA22F5A8140019B309 /* AppDelegate.swift in Sources */,
				22DB58FC22F5A8140019B309 /* SceneDelegate.swift in Sources */,
				22EBE01D22F5C532006ECB23 /* ImageProcessor.swift in Sources */,
				229B02A522FCBBF900BFDF9F /* BilateralFilter.swift in Sources */,
				229B02A122FCB72E00BFDF9F /* RgbToYcbcrFilter.swift in Sources */,
				229B029F22FCB2E600BFDF9F /* PassthroughFilter.swift in Sources */,
				22DB58FE22F5A8140019B309 /* ContentView.swift in Sources */,
			);
			runOnlyForDeploymentPostprocessing = 0;
		};
/* End PBXSourcesBuildPhase section */

/* Begin PBXVariantGroup section */
		22DB590422F5A8160019B309 /* LaunchScreen.storyboard */ = {
			isa = PBXVariantGroup;
			children = (
				22DB590522F5A8160019B309 /* Base */,
			);
			name = LaunchScreen.storyboard;
			sourceTree = "<group>";
		};
/* End PBXVariantGroup section */

/* Begin XCBuildConfiguration section */
		22DB590822F5A8160019B309 /* Debug */ = {
			isa = XCBuildConfiguration;
			buildSettings = {
				ALWAYS_SEARCH_USER_PATHS = NO;
				CLANG_ANALYZER_NONNULL = YES;
				CLANG_ANALYZER_NUMBER_OBJECT_CONVERSION = YES_AGGRESSIVE;
				CLANG_CXX_LANGUAGE_STANDARD = "gnu++14";
				CLANG_CXX_LIBRARY = "libc++";
				CLANG_ENABLE_MODULES = YES;
				CLANG_ENABLE_OBJC_ARC = YES;
				CLANG_ENABLE_OBJC_WEAK = YES;
				CLANG_WARN_BLOCK_CAPTURE_AUTORELEASING = YES;
				CLANG_WARN_BOOL_CONVERSION = YES;
				CLANG_WARN_COMMA = YES;
				CLANG_WARN_CONSTANT_CONVERSION = YES;
				CLANG_WARN_DEPRECATED_OBJC_IMPLEMENTATIONS = YES;
				CLANG_WARN_DIRECT_OBJC_ISA_USAGE = YES_ERROR;
				CLANG_WARN_DOCUMENTATION_COMMENTS = YES;
				CLANG_WARN_EMPTY_BODY = YES;
				CLANG_WARN_ENUM_CONVERSION = YES;
				CLANG_WARN_INFINITE_RECURSION = YES;
				CLANG_WARN_INT_CONVERSION = YES;
				CLANG_WARN_NON_LITERAL_NULL_CONVERSION = YES;
				CLANG_WARN_OBJC_IMPLICIT_RETAIN_SELF = YES;
				CLANG_WARN_OBJC_LITERAL_CONVERSION = YES;
				CLANG_WARN_OBJC_ROOT_CLASS = YES_ERROR;
				CLANG_WARN_RANGE_LOOP_ANALYSIS = YES;
				CLANG_WARN_STRICT_PROTOTYPES = YES;
				CLANG_WARN_SUSPICIOUS_MOVE = YES;
				CLANG_WARN_UNGUARDED_AVAILABILITY = YES_AGGRESSIVE;
				CLANG_WARN_UNREACHABLE_CODE = YES;
				CLANG_WARN__DUPLICATE_METHOD_MATCH = YES;
				COPY_PHASE_STRIP = NO;
				DEBUG_INFORMATION_FORMAT = dwarf;
				ENABLE_STRICT_OBJC_MSGSEND = YES;
				ENABLE_TESTABILITY = YES;
				GCC_C_LANGUAGE_STANDARD = gnu11;
				GCC_DYNAMIC_NO_PIC = NO;
				GCC_NO_COMMON_BLOCKS = YES;
				GCC_OPTIMIZATION_LEVEL = 0;
				GCC_PREPROCESSOR_DEFINITIONS = (
					"DEBUG=1",
					"$(inherited)",
				);
				GCC_WARN_64_TO_32_BIT_CONVERSION = YES;
				GCC_WARN_ABOUT_RETURN_TYPE = YES_ERROR;
				GCC_WARN_UNDECLARED_SELECTOR = YES;
				GCC_WARN_UNINITIALIZED_AUTOS = YES_AGGRESSIVE;
				GCC_WARN_UNUSED_FUNCTION = YES;
				GCC_WARN_UNUSED_VARIABLE = YES;
				IPHONEOS_DEPLOYMENT_TARGET = 13.0;
				MTL_ENABLE_DEBUG_INFO = INCLUDE_SOURCE;
				MTL_FAST_MATH = YES;
				ONLY_ACTIVE_ARCH = YES;
				SDKROOT = iphoneos;
				SWIFT_ACTIVE_COMPILATION_CONDITIONS = DEBUG;
				SWIFT_OPTIMIZATION_LEVEL = "-Onone";
			};
			name = Debug;
		};
		22DB590922F5A8160019B309 /* Release */ = {
			isa = XCBuildConfiguration;
			buildSettings = {
				ALWAYS_SEARCH_USER_PATHS = NO;
				CLANG_ANALYZER_NONNULL = YES;
				CLANG_ANALYZER_NUMBER_OBJECT_CONVERSION = YES_AGGRESSIVE;
				CLANG_CXX_LANGUAGE_STANDARD = "gnu++14";
				CLANG_CXX_LIBRARY = "libc++";
				CLANG_ENABLE_MODULES = YES;
				CLANG_ENABLE_OBJC_ARC = YES;
				CLANG_ENABLE_OBJC_WEAK = YES;
				CLANG_WARN_BLOCK_CAPTURE_AUTORELEASING = YES;
				CLANG_WARN_BOOL_CONVERSION = YES;
				CLANG_WARN_COMMA = YES;
				CLANG_WARN_CONSTANT_CONVERSION = YES;
				CLANG_WARN_DEPRECATED_OBJC_IMPLEMENTATIONS = YES;
				CLANG_WARN_DIRECT_OBJC_ISA_USAGE = YES_ERROR;
				CLANG_WARN_DOCUMENTATION_COMMENTS = YES;
				CLANG_WARN_EMPTY_BODY = YES;
				CLANG_WARN_ENUM_CONVERSION = YES;
				CLANG_WARN_INFINITE_RECURSION = YES;
				CLANG_WARN_INT_CONVERSION = YES;
				CLANG_WARN_NON_LITERAL_NULL_CONVERSION = YES;
				CLANG_WARN_OBJC_IMPLICIT_RETAIN_SELF = YES;
				CLANG_WARN_OBJC_LITERAL_CONVERSION = YES;
				CLANG_WARN_OBJC_ROOT_CLASS = YES_ERROR;
				CLANG_WARN_RANGE_LOOP_ANALYSIS = YES;
				CLANG_WARN_STRICT_PROTOTYPES = YES;
				CLANG_WARN_SUSPICIOUS_MOVE = YES;
				CLANG_WARN_UNGUARDED_AVAILABILITY = YES_AGGRESSIVE;
				CLANG_WARN_UNREACHABLE_CODE = YES;
				CLANG_WARN__DUPLICATE_METHOD_MATCH = YES;
				COPY_PHASE_STRIP = NO;
				DEBUG_INFORMATION_FORMAT = "dwarf-with-dsym";
				ENABLE_NS_ASSERTIONS = NO;
				ENABLE_STRICT_OBJC_MSGSEND = YES;
				GCC_C_LANGUAGE_STANDARD = gnu11;
				GCC_NO_COMMON_BLOCKS = YES;
				GCC_WARN_64_TO_32_BIT_CONVERSION = YES;
				GCC_WARN_ABOUT_RETURN_TYPE = YES_ERROR;
				GCC_WARN_UNDECLARED_SELECTOR = YES;
				GCC_WARN_UNINITIALIZED_AUTOS = YES_AGGRESSIVE;
				GCC_WARN_UNUSED_FUNCTION = YES;
				GCC_WARN_UNUSED_VARIABLE = YES;
				IPHONEOS_DEPLOYMENT_TARGET = 13.0;
				MTL_ENABLE_DEBUG_INFO = NO;
				MTL_FAST_MATH = YES;
				SDKROOT = iphoneos;
				SWIFT_COMPILATION_MODE = wholemodule;
				SWIFT_OPTIMIZATION_LEVEL = "-O";
				VALIDATE_PRODUCT = YES;
			};
			name = Release;
		};
		22DB590B22F5A8160019B309 /* Debug */ = {
			isa = XCBuildConfiguration;
			buildSettings = {
				ASSETCATALOG_COMPILER_APPICON_NAME = AppIcon;
				CODE_SIGN_STYLE = Automatic;
				DEVELOPMENT_ASSET_PATHS = "MetalFilters/Preview\\ Content";
				DEVELOPMENT_TEAM = D23W9URMHY;
				ENABLE_PREVIEWS = YES;
				INFOPLIST_FILE = MetalFilters/Guff/Info.plist;
				LD_RUNPATH_SEARCH_PATHS = (
					"$(inherited)",
					"@executable_path/Frameworks",
				);
				MTLLINKER_FLAGS = "-cikernel";
				MTL_COMPILER_FLAGS = "-fcikernel";
				PRODUCT_BUNDLE_IDENTIFIER = com.razeware.MetalFilters;
				PRODUCT_NAME = "$(TARGET_NAME)";
				SWIFT_VERSION = 5.0;
				TARGETED_DEVICE_FAMILY = 1;
			};
			name = Debug;
		};
		22DB590C22F5A8160019B309 /* Release */ = {
			isa = XCBuildConfiguration;
			buildSettings = {
				ASSETCATALOG_COMPILER_APPICON_NAME = AppIcon;
				CODE_SIGN_STYLE = Automatic;
				DEVELOPMENT_ASSET_PATHS = "MetalFilters/Preview\\ Content";
				DEVELOPMENT_TEAM = D23W9URMHY;
				ENABLE_PREVIEWS = YES;
				INFOPLIST_FILE = MetalFilters/Guff/Info.plist;
				LD_RUNPATH_SEARCH_PATHS = (
					"$(inherited)",
					"@executable_path/Frameworks",
				);
				MTLLINKER_FLAGS = "-cikernel";
				MTL_COMPILER_FLAGS = "-fcikernel";
				PRODUCT_BUNDLE_IDENTIFIER = com.razeware.MetalFilters;
				PRODUCT_NAME = "$(TARGET_NAME)";
				SWIFT_VERSION = 5.0;
				TARGETED_DEVICE_FAMILY = 1;
			};
			name = Release;
		};
/* End XCBuildConfiguration section */

/* Begin XCConfigurationList section */
		22DB58F122F5A8140019B309 /* Build configuration list for PBXProject "MetalFilters" */ = {
			isa = XCConfigurationList;
			buildConfigurations = (
				22DB590822F5A8160019B309 /* Debug */,
				22DB590922F5A8160019B309 /* Release */,
			);
			defaultConfigurationIsVisible = 0;
			defaultConfigurationName = Release;
		};
		22DB590A22F5A8160019B309 /* Build configuration list for PBXNativeTarget "MetalFilters" */ = {
			isa = XCConfigurationList;
			buildConfigurations = (
				22DB590B22F5A8160019B309 /* Debug */,
				22DB590C22F5A8160019B309 /* Release */,
			);
			defaultConfigurationIsVisible = 0;
			defaultConfigurationName = Release;
		};
/* End XCConfigurationList section */
	};
	rootObject = 22DB58EE22F5A8140019B309 /* Project object */;
}
